// !$*UTF8*$!
{
	archiveVersion = 1;
	classes = {
	};
	objectVersion = 46;
	objects = {

/* Begin PBXBuildFile section */
		7D5BAF501CB6DB7900D5D373 /* AppDelegate.swift in Sources */ = {isa = PBXBuildFile; fileRef = 7D5BAF4F1CB6DB7800D5D373 /* AppDelegate.swift */; };
		7D5BAF551CB6DB7900D5D373 /* Main.storyboard in Resources */ = {isa = PBXBuildFile; fileRef = 7D5BAF531CB6DB7900D5D373 /* Main.storyboard */; };
		7D5BAF571CB6DB7900D5D373 /* Assets.xcassets in Resources */ = {isa = PBXBuildFile; fileRef = 7D5BAF561CB6DB7900D5D373 /* Assets.xcassets */; };
		7D5BAF5A1CB6DB7900D5D373 /* LaunchScreen.storyboard in Resources */ = {isa = PBXBuildFile; fileRef = 7D5BAF581CB6DB7900D5D373 /* LaunchScreen.storyboard */; };
		7D5BAF651CB6DB7900D5D373 /* On_the_MapTests.swift in Sources */ = {isa = PBXBuildFile; fileRef = 7D5BAF641CB6DB7900D5D373 /* On_the_MapTests.swift */; };
		7D5BAF701CB6DB7900D5D373 /* On_the_MapUITests.swift in Sources */ = {isa = PBXBuildFile; fileRef = 7D5BAF6F1CB6DB7900D5D373 /* On_the_MapUITests.swift */; };
		7D5BAF7E1CB6E6EF00D5D373 /* LoginViewController.swift in Sources */ = {isa = PBXBuildFile; fileRef = 7D5BAF7D1CB6E6EF00D5D373 /* LoginViewController.swift */; };
		7D5BAF801CB6E71300D5D373 /* MapViewViewController.swift in Sources */ = {isa = PBXBuildFile; fileRef = 7D5BAF7F1CB6E71300D5D373 /* MapViewViewController.swift */; };
		7D5BAF821CB6E72300D5D373 /* ListViewController.swift in Sources */ = {isa = PBXBuildFile; fileRef = 7D5BAF811CB6E72300D5D373 /* ListViewController.swift */; };
		7D5BAF841CB6E75800D5D373 /* InformationalPostingViewController.swift in Sources */ = {isa = PBXBuildFile; fileRef = 7D5BAF831CB6E75800D5D373 /* InformationalPostingViewController.swift */; };
		7D5BAF881CB6EC7400D5D373 /* UdacityConstants.swift in Sources */ = {isa = PBXBuildFile; fileRef = 7D5BAF871CB6EC7400D5D373 /* UdacityConstants.swift */; };
		7D5BAF8D1CB7127B00D5D373 /* UdacityClient.swift in Sources */ = {isa = PBXBuildFile; fileRef = 7D5BAF8C1CB7127B00D5D373 /* UdacityClient.swift */; };
		7D5BAF8F1CB7250C00D5D373 /* ParseConstants.swift in Sources */ = {isa = PBXBuildFile; fileRef = 7D5BAF8E1CB7250C00D5D373 /* ParseConstants.swift */; };
		7D5BAF911CB7274700D5D373 /* ParseClient.swift in Sources */ = {isa = PBXBuildFile; fileRef = 7D5BAF901CB7274700D5D373 /* ParseClient.swift */; };
		7D5BAF931CB72A8F00D5D373 /* StudentInformation.swift in Sources */ = {isa = PBXBuildFile; fileRef = 7D5BAF921CB72A8F00D5D373 /* StudentInformation.swift */; };
/* End PBXBuildFile section */

/* Begin PBXContainerItemProxy section */
		7D5BAF611CB6DB7900D5D373 /* PBXContainerItemProxy */ = {
			isa = PBXContainerItemProxy;
			containerPortal = 7D5BAF441CB6DB7800D5D373 /* Project object */;
			proxyType = 1;
			remoteGlobalIDString = 7D5BAF4B1CB6DB7800D5D373;
			remoteInfo = "On the Map";
		};
		7D5BAF6C1CB6DB7900D5D373 /* PBXContainerItemProxy */ = {
			isa = PBXContainerItemProxy;
			containerPortal = 7D5BAF441CB6DB7800D5D373 /* Project object */;
			proxyType = 1;
			remoteGlobalIDString = 7D5BAF4B1CB6DB7800D5D373;
			remoteInfo = "On the Map";
		};
/* End PBXContainerItemProxy section */

/* Begin PBXFileReference section */
		7D5BAF4C1CB6DB7800D5D373 /* On the Map.app */ = {isa = PBXFileReference; explicitFileType = wrapper.application; includeInIndex = 0; path = "On the Map.app"; sourceTree = BUILT_PRODUCTS_DIR; };
		7D5BAF4F1CB6DB7800D5D373 /* AppDelegate.swift */ = {isa = PBXFileReference; lastKnownFileType = sourcecode.swift; path = AppDelegate.swift; sourceTree = "<group>"; };
		7D5BAF541CB6DB7900D5D373 /* Base */ = {isa = PBXFileReference; lastKnownFileType = file.storyboard; name = Base; path = Base.lproj/Main.storyboard; sourceTree = "<group>"; };
		7D5BAF561CB6DB7900D5D373 /* Assets.xcassets */ = {isa = PBXFileReference; lastKnownFileType = folder.assetcatalog; path = Assets.xcassets; sourceTree = "<group>"; };
		7D5BAF591CB6DB7900D5D373 /* Base */ = {isa = PBXFileReference; lastKnownFileType = file.storyboard; name = Base; path = Base.lproj/LaunchScreen.storyboard; sourceTree = "<group>"; };
		7D5BAF5B1CB6DB7900D5D373 /* Info.plist */ = {isa = PBXFileReference; lastKnownFileType = text.plist.xml; path = Info.plist; sourceTree = "<group>"; };
		7D5BAF601CB6DB7900D5D373 /* On the MapTests.xctest */ = {isa = PBXFileReference; explicitFileType = wrapper.cfbundle; includeInIndex = 0; path = "On the MapTests.xctest"; sourceTree = BUILT_PRODUCTS_DIR; };
		7D5BAF641CB6DB7900D5D373 /* On_the_MapTests.swift */ = {isa = PBXFileReference; lastKnownFileType = sourcecode.swift; path = On_the_MapTests.swift; sourceTree = "<group>"; };
		7D5BAF661CB6DB7900D5D373 /* Info.plist */ = {isa = PBXFileReference; lastKnownFileType = text.plist.xml; path = Info.plist; sourceTree = "<group>"; };
		7D5BAF6B1CB6DB7900D5D373 /* On the MapUITests.xctest */ = {isa = PBXFileReference; explicitFileType = wrapper.cfbundle; includeInIndex = 0; path = "On the MapUITests.xctest"; sourceTree = BUILT_PRODUCTS_DIR; };
		7D5BAF6F1CB6DB7900D5D373 /* On_the_MapUITests.swift */ = {isa = PBXFileReference; lastKnownFileType = sourcecode.swift; path = On_the_MapUITests.swift; sourceTree = "<group>"; };
		7D5BAF711CB6DB7900D5D373 /* Info.plist */ = {isa = PBXFileReference; lastKnownFileType = text.plist.xml; path = Info.plist; sourceTree = "<group>"; };
		7D5BAF7D1CB6E6EF00D5D373 /* LoginViewController.swift */ = {isa = PBXFileReference; fileEncoding = 4; lastKnownFileType = sourcecode.swift; path = LoginViewController.swift; sourceTree = "<group>"; };
		7D5BAF7F1CB6E71300D5D373 /* MapViewViewController.swift */ = {isa = PBXFileReference; fileEncoding = 4; lastKnownFileType = sourcecode.swift; path = MapViewViewController.swift; sourceTree = "<group>"; };
		7D5BAF811CB6E72300D5D373 /* ListViewController.swift */ = {isa = PBXFileReference; fileEncoding = 4; lastKnownFileType = sourcecode.swift; path = ListViewController.swift; sourceTree = "<group>"; };
		7D5BAF831CB6E75800D5D373 /* InformationalPostingViewController.swift */ = {isa = PBXFileReference; fileEncoding = 4; lastKnownFileType = sourcecode.swift; path = InformationalPostingViewController.swift; sourceTree = "<group>"; };
		7D5BAF871CB6EC7400D5D373 /* UdacityConstants.swift */ = {isa = PBXFileReference; fileEncoding = 4; lastKnownFileType = sourcecode.swift; path = UdacityConstants.swift; sourceTree = "<group>"; };
		7D5BAF8C1CB7127B00D5D373 /* UdacityClient.swift */ = {isa = PBXFileReference; fileEncoding = 4; lastKnownFileType = sourcecode.swift; path = UdacityClient.swift; sourceTree = "<group>"; };
		7D5BAF8E1CB7250C00D5D373 /* ParseConstants.swift */ = {isa = PBXFileReference; fileEncoding = 4; lastKnownFileType = sourcecode.swift; path = ParseConstants.swift; sourceTree = "<group>"; };
		7D5BAF901CB7274700D5D373 /* ParseClient.swift */ = {isa = PBXFileReference; fileEncoding = 4; lastKnownFileType = sourcecode.swift; path = ParseClient.swift; sourceTree = "<group>"; };
		7D5BAF921CB72A8F00D5D373 /* StudentInformation.swift */ = {isa = PBXFileReference; fileEncoding = 4; lastKnownFileType = sourcecode.swift; path = StudentInformation.swift; sourceTree = "<group>"; };
/* End PBXFileReference section */

/* Begin PBXFrameworksBuildPhase section */
		7D5BAF491CB6DB7800D5D373 /* Frameworks */ = {
			isa = PBXFrameworksBuildPhase;
			buildActionMask = 2147483647;
			files = (
			);
			runOnlyForDeploymentPostprocessing = 0;
		};
		7D5BAF5D1CB6DB7900D5D373 /* Frameworks */ = {
			isa = PBXFrameworksBuildPhase;
			buildActionMask = 2147483647;
			files = (
			);
			runOnlyForDeploymentPostprocessing = 0;
		};
		7D5BAF681CB6DB7900D5D373 /* Frameworks */ = {
			isa = PBXFrameworksBuildPhase;
			buildActionMask = 2147483647;
			files = (
			);
			runOnlyForDeploymentPostprocessing = 0;
		};
/* End PBXFrameworksBuildPhase section */

/* Begin PBXGroup section */
		7D5BAF431CB6DB7800D5D373 = {
			isa = PBXGroup;
			children = (
				7D5BAF4E1CB6DB7800D5D373 /* On the Map */,
				7D5BAF631CB6DB7900D5D373 /* On the MapTests */,
				7D5BAF6E1CB6DB7900D5D373 /* On the MapUITests */,
				7D5BAF4D1CB6DB7800D5D373 /* Products */,
			);
			sourceTree = "<group>";
		};
		7D5BAF4D1CB6DB7800D5D373 /* Products */ = {
			isa = PBXGroup;
			children = (
				7D5BAF4C1CB6DB7800D5D373 /* On the Map.app */,
				7D5BAF601CB6DB7900D5D373 /* On the MapTests.xctest */,
				7D5BAF6B1CB6DB7900D5D373 /* On the MapUITests.xctest */,
			);
			name = Products;
			sourceTree = "<group>";
		};
		7D5BAF4E1CB6DB7800D5D373 /* On the Map */ = {
			isa = PBXGroup;
			children = (
				7D5BAF4F1CB6DB7800D5D373 /* AppDelegate.swift */,
				7D5BAF8B1CB7125400D5D373 /* Model */,
				7D5BAF891CB711AD00D5D373 /* Assets */,
				7D5BAF8A1CB711CC00D5D373 /* Controller */,
				7D5BAF5B1CB6DB7900D5D373 /* Info.plist */,
			);
			path = "On the Map";
			sourceTree = "<group>";
		};
		7D5BAF631CB6DB7900D5D373 /* On the MapTests */ = {
			isa = PBXGroup;
			children = (
				7D5BAF641CB6DB7900D5D373 /* On_the_MapTests.swift */,
				7D5BAF661CB6DB7900D5D373 /* Info.plist */,
			);
			path = "On the MapTests";
			sourceTree = "<group>";
		};
		7D5BAF6E1CB6DB7900D5D373 /* On the MapUITests */ = {
			isa = PBXGroup;
			children = (
				7D5BAF6F1CB6DB7900D5D373 /* On_the_MapUITests.swift */,
				7D5BAF711CB6DB7900D5D373 /* Info.plist */,
			);
			path = "On the MapUITests";
			sourceTree = "<group>";
		};
		7D5BAF891CB711AD00D5D373 /* Assets */ = {
			isa = PBXGroup;
			children = (
				7D5BAF531CB6DB7900D5D373 /* Main.storyboard */,
				7D5BAF561CB6DB7900D5D373 /* Assets.xcassets */,
				7D5BAF581CB6DB7900D5D373 /* LaunchScreen.storyboard */,
			);
			name = Assets;
			sourceTree = "<group>";
		};
		7D5BAF8A1CB711CC00D5D373 /* Controller */ = {
			isa = PBXGroup;
			children = (
				7D5BAF7D1CB6E6EF00D5D373 /* LoginViewController.swift */,
				7D5BAF7F1CB6E71300D5D373 /* MapViewViewController.swift */,
				7D5BAF811CB6E72300D5D373 /* ListViewController.swift */,
				7D5BAF831CB6E75800D5D373 /* InformationalPostingViewController.swift */,
			);
			name = Controller;
			sourceTree = "<group>";
		};
		7D5BAF8B1CB7125400D5D373 /* Model */ = {
			isa = PBXGroup;
			children = (
				7D5BAF871CB6EC7400D5D373 /* UdacityConstants.swift */,
				7D5BAF8C1CB7127B00D5D373 /* UdacityClient.swift */,
				7D5BAF8E1CB7250C00D5D373 /* ParseConstants.swift */,
				7D5BAF901CB7274700D5D373 /* ParseClient.swift */,
				7D5BAF921CB72A8F00D5D373 /* StudentInformation.swift */,
			);
			name = Model;
			sourceTree = "<group>";
		};
/* End PBXGroup section */

/* Begin PBXNativeTarget section */
		7D5BAF4B1CB6DB7800D5D373 /* On the Map */ = {
			isa = PBXNativeTarget;
			buildConfigurationList = 7D5BAF741CB6DB7900D5D373 /* Build configuration list for PBXNativeTarget "On the Map" */;
			buildPhases = (
				7D5BAF481CB6DB7800D5D373 /* Sources */,
				7D5BAF491CB6DB7800D5D373 /* Frameworks */,
				7D5BAF4A1CB6DB7800D5D373 /* Resources */,
			);
			buildRules = (
			);
			dependencies = (
			);
			name = "On the Map";
			productName = "On the Map";
			productReference = 7D5BAF4C1CB6DB7800D5D373 /* On the Map.app */;
			productType = "com.apple.product-type.application";
		};
		7D5BAF5F1CB6DB7900D5D373 /* On the MapTests */ = {
			isa = PBXNativeTarget;
			buildConfigurationList = 7D5BAF771CB6DB7900D5D373 /* Build configuration list for PBXNativeTarget "On the MapTests" */;
			buildPhases = (
				7D5BAF5C1CB6DB7900D5D373 /* Sources */,
				7D5BAF5D1CB6DB7900D5D373 /* Frameworks */,
				7D5BAF5E1CB6DB7900D5D373 /* Resources */,
			);
			buildRules = (
			);
			dependencies = (
				7D5BAF621CB6DB7900D5D373 /* PBXTargetDependency */,
			);
			name = "On the MapTests";
			productName = "On the MapTests";
			productReference = 7D5BAF601CB6DB7900D5D373 /* On the MapTests.xctest */;
			productType = "com.apple.product-type.bundle.unit-test";
		};
		7D5BAF6A1CB6DB7900D5D373 /* On the MapUITests */ = {
			isa = PBXNativeTarget;
			buildConfigurationList = 7D5BAF7A1CB6DB7900D5D373 /* Build configuration list for PBXNativeTarget "On the MapUITests" */;
			buildPhases = (
				7D5BAF671CB6DB7900D5D373 /* Sources */,
				7D5BAF681CB6DB7900D5D373 /* Frameworks */,
				7D5BAF691CB6DB7900D5D373 /* Resources */,
			);
			buildRules = (
			);
			dependencies = (
				7D5BAF6D1CB6DB7900D5D373 /* PBXTargetDependency */,
			);
			name = "On the MapUITests";
			productName = "On the MapUITests";
			productReference = 7D5BAF6B1CB6DB7900D5D373 /* On the MapUITests.xctest */;
			productType = "com.apple.product-type.bundle.ui-testing";
		};
/* End PBXNativeTarget section */

/* Begin PBXProject section */
		7D5BAF441CB6DB7800D5D373 /* Project object */ = {
			isa = PBXProject;
			attributes = {
				LastSwiftUpdateCheck = 0720;
				LastUpgradeCheck = 0720;
				ORGANIZATIONNAME = "Nathaniel PiSierra";
				TargetAttributes = {
					7D5BAF4B1CB6DB7800D5D373 = {
						CreatedOnToolsVersion = 7.2.1;
						DevelopmentTeam = 9258A8T4HT;
					};
					7D5BAF5F1CB6DB7900D5D373 = {
						CreatedOnToolsVersion = 7.2.1;
						DevelopmentTeam = 9258A8T4HT;
						TestTargetID = 7D5BAF4B1CB6DB7800D5D373;
					};
					7D5BAF6A1CB6DB7900D5D373 = {
						CreatedOnToolsVersion = 7.2.1;
						DevelopmentTeam = 9258A8T4HT;
						TestTargetID = 7D5BAF4B1CB6DB7800D5D373;
					};
				};
			};
			buildConfigurationList = 7D5BAF471CB6DB7800D5D373 /* Build configuration list for PBXProject "On the Map" */;
			compatibilityVersion = "Xcode 3.2";
			developmentRegion = English;
			hasScannedForEncodings = 0;
			knownRegions = (
				en,
				Base,
			);
			mainGroup = 7D5BAF431CB6DB7800D5D373;
			productRefGroup = 7D5BAF4D1CB6DB7800D5D373 /* Products */;
			projectDirPath = "";
			projectRoot = "";
			targets = (
				7D5BAF4B1CB6DB7800D5D373 /* On the Map */,
				7D5BAF5F1CB6DB7900D5D373 /* On the MapTests */,
				7D5BAF6A1CB6DB7900D5D373 /* On the MapUITests */,
			);
		};
/* End PBXProject section */

/* Begin PBXResourcesBuildPhase section */
		7D5BAF4A1CB6DB7800D5D373 /* Resources */ = {
			isa = PBXResourcesBuildPhase;
			buildActionMask = 2147483647;
			files = (
				7D5BAF5A1CB6DB7900D5D373 /* LaunchScreen.storyboard in Resources */,
				7D5BAF571CB6DB7900D5D373 /* Assets.xcassets in Resources */,
				7D5BAF551CB6DB7900D5D373 /* Main.storyboard in Resources */,
			);
			runOnlyForDeploymentPostprocessing = 0;
		};
		7D5BAF5E1CB6DB7900D5D373 /* Resources */ = {
			isa = PBXResourcesBuildPhase;
			buildActionMask = 2147483647;
			files = (
			);
			runOnlyForDeploymentPostprocessing = 0;
		};
		7D5BAF691CB6DB7900D5D373 /* Resources */ = {
			isa = PBXResourcesBuildPhase;
			buildActionMask = 2147483647;
			files = (
			);
			runOnlyForDeploymentPostprocessing = 0;
		};
/* End PBXResourcesBuildPhase section */

/* Begin PBXSourcesBuildPhase section */
		7D5BAF481CB6DB7800D5D373 /* Sources */ = {
			isa = PBXSourcesBuildPhase;
			buildActionMask = 2147483647;
			files = (
				7D5BAF8D1CB7127B00D5D373 /* UdacityClient.swift in Sources */,
				7D5BAF7E1CB6E6EF00D5D373 /* LoginViewController.swift in Sources */,
				7D5BAF841CB6E75800D5D373 /* InformationalPostingViewController.swift in Sources */,
				7D5BAF801CB6E71300D5D373 /* MapViewViewController.swift in Sources */,
				7D5BAF8F1CB7250C00D5D373 /* ParseConstants.swift in Sources */,
				7D5BAF911CB7274700D5D373 /* ParseClient.swift in Sources */,
				7D5BAF881CB6EC7400D5D373 /* UdacityConstants.swift in Sources */,
				7D5BAF821CB6E72300D5D373 /* ListViewController.swift in Sources */,
				7D5BAF501CB6DB7900D5D373 /* AppDelegate.swift in Sources */,
				7D5BAF931CB72A8F00D5D373 /* StudentInformation.swift in Sources */,
			);
			runOnlyForDeploymentPostprocessing = 0;
		};
		7D5BAF5C1CB6DB7900D5D373 /* Sources */ = {
			isa = PBXSourcesBuildPhase;
			buildActionMask = 2147483647;
			files = (
				7D5BAF651CB6DB7900D5D373 /* On_the_MapTests.swift in Sources */,
			);
			runOnlyForDeploymentPostprocessing = 0;
		};
		7D5BAF671CB6DB7900D5D373 /* Sources */ = {
			isa = PBXSourcesBuildPhase;
			buildActionMask = 2147483647;
			files = (
				7D5BAF701CB6DB7900D5D373 /* On_the_MapUITests.swift in Sources */,
			);
			runOnlyForDeploymentPostprocessing = 0;
		};
/* End PBXSourcesBuildPhase section */

/* Begin PBXTargetDependency section */
		7D5BAF621CB6DB7900D5D373 /* PBXTargetDependency */ = {
			isa = PBXTargetDependency;
			target = 7D5BAF4B1CB6DB7800D5D373 /* On the Map */;
			targetProxy = 7D5BAF611CB6DB7900D5D373 /* PBXContainerItemProxy */;
		};
		7D5BAF6D1CB6DB7900D5D373 /* PBXTargetDependency */ = {
			isa = PBXTargetDependency;
			target = 7D5BAF4B1CB6DB7800D5D373 /* On the Map */;
			targetProxy = 7D5BAF6C1CB6DB7900D5D373 /* PBXContainerItemProxy */;
		};
/* End PBXTargetDependency section */

/* Begin PBXVariantGroup section */
		7D5BAF531CB6DB7900D5D373 /* Main.storyboard */ = {
			isa = PBXVariantGroup;
			children = (
				7D5BAF541CB6DB7900D5D373 /* Base */,
			);
			name = Main.storyboard;
			sourceTree = "<group>";
		};
		7D5BAF581CB6DB7900D5D373 /* LaunchScreen.storyboard */ = {
			isa = PBXVariantGroup;
			children = (
				7D5BAF591CB6DB7900D5D373 /* Base */,
			);
			name = LaunchScreen.storyboard;
			sourceTree = "<group>";
		};
/* End PBXVariantGroup section */

/* Begin XCBuildConfiguration section */
		7D5BAF721CB6DB7900D5D373 /* Debug */ = {
			isa = XCBuildConfiguration;
			buildSettings = {
				ALWAYS_SEARCH_USER_PATHS = NO;
				CLANG_CXX_LANGUAGE_STANDARD = "gnu++0x";
				CLANG_CXX_LIBRARY = "libc++";
				CLANG_ENABLE_MODULES = YES;
				CLANG_ENABLE_OBJC_ARC = YES;
				CLANG_WARN_BOOL_CONVERSION = YES;
				CLANG_WARN_CONSTANT_CONVERSION = YES;
				CLANG_WARN_DIRECT_OBJC_ISA_USAGE = YES_ERROR;
				CLANG_WARN_EMPTY_BODY = YES;
				CLANG_WARN_ENUM_CONVERSION = YES;
				CLANG_WARN_INT_CONVERSION = YES;
				CLANG_WARN_OBJC_ROOT_CLASS = YES_ERROR;
				CLANG_WARN_UNREACHABLE_CODE = YES;
				CLANG_WARN__DUPLICATE_METHOD_MATCH = YES;
				"CODE_SIGN_IDENTITY[sdk=iphoneos*]" = "iPhone Developer";
				COPY_PHASE_STRIP = NO;
				DEBUG_INFORMATION_FORMAT = dwarf;
				ENABLE_STRICT_OBJC_MSGSEND = YES;
				ENABLE_TESTABILITY = YES;
				GCC_C_LANGUAGE_STANDARD = gnu99;
				GCC_DYNAMIC_NO_PIC = NO;
				GCC_NO_COMMON_BLOCKS = YES;
				GCC_OPTIMIZATION_LEVEL = 0;
				GCC_PREPROCESSOR_DEFINITIONS = (
					"DEBUG=1",
					"$(inherited)",
				);
				GCC_WARN_64_TO_32_BIT_CONVERSION = YES;
				GCC_WARN_ABOUT_RETURN_TYPE = YES_ERROR;
				GCC_WARN_UNDECLARED_SELECTOR = YES;
				GCC_WARN_UNINITIALIZED_AUTOS = YES_AGGRESSIVE;
				GCC_WARN_UNUSED_FUNCTION = YES;
				GCC_WARN_UNUSED_VARIABLE = YES;
				IPHONEOS_DEPLOYMENT_TARGET = 9.2;
				MTL_ENABLE_DEBUG_INFO = YES;
				ONLY_ACTIVE_ARCH = YES;
				SDKROOT = iphoneos;
				SWIFT_OPTIMIZATION_LEVEL = "-Onone";
			};
			name = Debug;
		};
		7D5BAF731CB6DB7900D5D373 /* Release */ = {
			isa = XCBuildConfiguration;
			buildSettings = {
				ALWAYS_SEARCH_USER_PATHS = NO;
				CLANG_CXX_LANGUAGE_STANDARD = "gnu++0x";
				CLANG_CXX_LIBRARY = "libc++";
				CLANG_ENABLE_MODULES = YES;
				CLANG_ENABLE_OBJC_ARC = YES;
				CLANG_WARN_BOOL_CONVERSION = YES;
				CLANG_WARN_CONSTANT_CONVERSION = YES;
				CLANG_WARN_DIRECT_OBJC_ISA_USAGE = YES_ERROR;
				CLANG_WARN_EMPTY_BODY = YES;
				CLANG_WARN_ENUM_CONVERSION = YES;
				CLANG_WARN_INT_CONVERSION = YES;
				CLANG_WARN_OBJC_ROOT_CLASS = YES_ERROR;
				CLANG_WARN_UNREACHABLE_CODE = YES;
				CLANG_WARN__DUPLICATE_METHOD_MATCH = YES;
				"CODE_SIGN_IDENTITY[sdk=iphoneos*]" = "iPhone Developer";
				COPY_PHASE_STRIP = NO;
				DEBUG_INFORMATION_FORMAT = "dwarf-with-dsym";
				ENABLE_NS_ASSERTIONS = NO;
				ENABLE_STRICT_OBJC_MSGSEND = YES;
				GCC_C_LANGUAGE_STANDARD = gnu99;
				GCC_NO_COMMON_BLOCKS = YES;
				GCC_WARN_64_TO_32_BIT_CONVERSION = YES;
				GCC_WARN_ABOUT_RETURN_TYPE = YES_ERROR;
				GCC_WARN_UNDECLARED_SELECTOR = YES;
				GCC_WARN_UNINITIALIZED_AUTOS = YES_AGGRESSIVE;
				GCC_WARN_UNUSED_FUNCTION = YES;
				GCC_WARN_UNUSED_VARIABLE = YES;
				IPHONEOS_DEPLOYMENT_TARGET = 9.2;
				MTL_ENABLE_DEBUG_INFO = NO;
				SDKROOT = iphoneos;
				VALIDATE_PRODUCT = YES;
			};
			name = Release;
		};
		7D5BAF751CB6DB7900D5D373 /* Debug */ = {
			isa = XCBuildConfiguration;
			buildSettings = {
				ASSETCATALOG_COMPILER_APPICON_NAME = AppIcon;
				INFOPLIST_FILE = "On the Map/Info.plist";
				LD_RUNPATH_SEARCH_PATHS = "$(inherited) @executable_path/Frameworks";
				PRODUCT_BUNDLE_IDENTIFIER = "Appsolutely.On-the-Map";
				PRODUCT_NAME = "$(TARGET_NAME)";
			};
			name = Debug;
		};
		7D5BAF761CB6DB7900D5D373 /* Release */ = {
			isa = XCBuildConfiguration;
			buildSettings = {
				ASSETCATALOG_COMPILER_APPICON_NAME = AppIcon;
				INFOPLIST_FILE = "On the Map/Info.plist";
				LD_RUNPATH_SEARCH_PATHS = "$(inherited) @executable_path/Frameworks";
				PRODUCT_BUNDLE_IDENTIFIER = "Appsolutely.On-the-Map";
				PRODUCT_NAME = "$(TARGET_NAME)";
			};
			name = Release;
		};
		7D5BAF781CB6DB7900D5D373 /* Debug */ = {
			isa = XCBuildConfiguration;
			buildSettings = {
				BUNDLE_LOADER = "$(TEST_HOST)";
				INFOPLIST_FILE = "On the MapTests/Info.plist";
				LD_RUNPATH_SEARCH_PATHS = "$(inherited) @executable_path/Frameworks @loader_path/Frameworks";
				PRODUCT_BUNDLE_IDENTIFIER = "Appsolutely.On-the-MapTests";
				PRODUCT_NAME = "$(TARGET_NAME)";
				TEST_HOST = "$(BUILT_PRODUCTS_DIR)/On the Map.app/On the Map";
			};
			name = Debug;
		};
		7D5BAF791CB6DB7900D5D373 /* Release */ = {
			isa = XCBuildConfiguration;
			buildSettings = {
				BUNDLE_LOADER = "$(TEST_HOST)";
				INFOPLIST_FILE = "On the MapTests/Info.plist";
				LD_RUNPATH_SEARCH_PATHS = "$(inherited) @executable_path/Frameworks @loader_path/Frameworks";
				PRODUCT_BUNDLE_IDENTIFIER = "Appsolutely.On-the-MapTests";
				PRODUCT_NAME = "$(TARGET_NAME)";
				TEST_HOST = "$(BUILT_PRODUCTS_DIR)/On the Map.app/On the Map";
			};
			name = Release;
		};
		7D5BAF7B1CB6DB7900D5D373 /* Debug */ = {
			isa = XCBuildConfiguration;
			buildSettings = {
				INFOPLIST_FILE = "On the MapUITests/Info.plist";
				LD_RUNPATH_SEARCH_PATHS = "$(inherited) @executable_path/Frameworks @loader_path/Frameworks";
				PRODUCT_BUNDLE_IDENTIFIER = "Appsolutely.On-the-MapUITests";
				PRODUCT_NAME = "$(TARGET_NAME)";
				TEST_TARGET_NAME = "On the Map";
				USES_XCTRUNNER = YES;
			};
			name = Debug;
		};
		7D5BAF7C1CB6DB7900D5D373 /* Release */ = {
			isa = XCBuildConfiguration;
			buildSettings = {
				INFOPLIST_FILE = "On the MapUITests/Info.plist";
				LD_RUNPATH_SEARCH_PATHS = "$(inherited) @executable_path/Frameworks @loader_path/Frameworks";
				PRODUCT_BUNDLE_IDENTIFIER = "Appsolutely.On-the-MapUITests";
				PRODUCT_NAME = "$(TARGET_NAME)";
				TEST_TARGET_NAME = "On the Map";
				USES_XCTRUNNER = YES;
			};
			name = Release;
		};
/* End XCBuildConfiguration section */

/* Begin XCConfigurationList section */
		7D5BAF471CB6DB7800D5D373 /* Build configuration list for PBXProject "On the Map" */ = {
			isa = XCConfigurationList;
			buildConfigurations = (
				7D5BAF721CB6DB7900D5D373 /* Debug */,
				7D5BAF731CB6DB7900D5D373 /* Release */,
			);
			defaultConfigurationIsVisible = 0;
			defaultConfigurationName = Release;
		};
		7D5BAF741CB6DB7900D5D373 /* Build configuration list for PBXNativeTarget "On the Map" */ = {
			isa = XCConfigurationList;
			buildConfigurations = (
				7D5BAF751CB6DB7900D5D373 /* Debug */,
				7D5BAF761CB6DB7900D5D373 /* Release */,
			);
			defaultConfigurationIsVisible = 0;
		};
		7D5BAF771CB6DB7900D5D373 /* Build configuration list for PBXNativeTarget "On the MapTests" */ = {
			isa = XCConfigurationList;
			buildConfigurations = (
				7D5BAF781CB6DB7900D5D373 /* Debug */,
				7D5BAF791CB6DB7900D5D373 /* Release */,
			);
			defaultConfigurationIsVisible = 0;
		};
		7D5BAF7A1CB6DB7900D5D373 /* Build configuration list for PBXNativeTarget "On the MapUITests" */ = {
			isa = XCConfigurationList;
			buildConfigurations = (
				7D5BAF7B1CB6DB7900D5D373 /* Debug */,
				7D5BAF7C1CB6DB7900D5D373 /* Release */,
			);
			defaultConfigurationIsVisible = 0;
		};
/* End XCConfigurationList section */
	};
	rootObject = 7D5BAF441CB6DB7800D5D373 /* Project object */;
}
